
Microsoft Visual Studio Solution File, Format Version 12.00
# Visual Studio Version 16
VisualStudioVersion = 16.0.33529.622
MinimumVisualStudioVersion = 10.0.40219.1
Project("{FAE04EC0-301F-11D3-BF4B-00C04F79EFBC}") = "WebsiteInner.Android", "WebsiteInner\WebsiteInner.Android\WebsiteInner.Android.csproj", "{3F82902C-FB7A-4F33-87DD-CB0744979B65}"
EndProject
Project("{FAE04EC0-301F-11D3-BF4B-00C04F79EFBC}") = "WebsiteInner", "WebsiteInner\WebsiteInner\WebsiteInner.csproj", "{061E957D-6626-4F25-95D0-AA35AA292B20}"
EndProject
Global
	GlobalSection(SolutionConfigurationPlatforms) = preSolution
		Debug|Any CPU = Debug|Any CPU
		Release|Any CPU = Release|Any CPU
	EndGlobalSection
	GlobalSection(ProjectConfigurationPlatforms) = postSolution
		{3F82902C-FB7A-4F33-87DD-CB0744979B65}.Debug|Any CPU.ActiveCfg = Debug|Any CPU
		{3F82902C-FB7A-4F33-87DD-CB0744979B65}.Debug|Any CPU.Build.0 = Debug|Any CPU
		{3F82902C-FB7A-4F33-87DD-CB0744979B65}.Debug|Any CPU.Deploy.0 = Debug|Any CPU
		{3F82902C-FB7A-4F33-87DD-CB0744979B65}.Release|Any CPU.ActiveCfg = Release|Any CPU
		{3F82902C-FB7A-4F33-87DD-CB0744979B65}.Release|Any CPU.Build.0 = Release|Any CPU
		{3F82902C-FB7A-4F33-87DD-CB0744979B65}.Release|Any CPU.Deploy.0 = Release|Any CPU
		{061E957D-6626-4F25-95D0-AA35AA292B20}.Debug|Any CPU.ActiveCfg = Debug|Any CPU
		{061E957D-6626-4F25-95D0-AA35AA292B20}.Debug|Any CPU.Build.0 = Debug|Any CPU
		{061E957D-6626-4F25-95D0-AA35AA292B20}.Debug|Any CPU.Deploy.0 = Debug|Any CPU
		{061E957D-6626-4F25-95D0-AA35AA292B20}.Release|Any CPU.ActiveCfg = Release|Any CPU
		{061E957D-6626-4F25-95D0-AA35AA292B20}.Release|Any CPU.Build.0 = Release|Any CPU
		{061E957D-6626-4F25-95D0-AA35AA292B20}.Release|Any CPU.Deploy.0 = Release|Any CPU
	EndGlobalSection
	GlobalSection(SolutionProperties) = preSolution
		HideSolutionNode = FALSE
	EndGlobalSection
	GlobalSection(ExtensibilityGlobals) = postSolution
		SolutionGuid = {2600EE7C-7792-4646-B8C3-68AF8B680E42}
	EndGlobalSection
EndGlobal
